Microsoft Visual Studio Solution File, Format Version 11.00
# Visual Studio 2008

Project("{2CF0EF34-FE6E-B3E6-2C22-CECEE1853D95}") = "Graybox", "Assembly-CSharp-firstpass.csproj", "{9F9546B8-CA53-B637-EFE9-B19420B005E1}"
EndProject
Project("{2CF0EF34-FE6E-B3E6-2C22-CECEE1853D95}") = "Graybox", "Assembly-CSharp.csproj", "{468E9991-6D5D-D6E0-B5CA-958BA06DE3DF}"
EndProject
Project("{2CF0EF34-FE6E-B3E6-2C22-CECEE1853D95}") = "Graybox", "Assembly-CSharp-Editor.csproj", "{74601EA5-97FC-FAB1-5445-16C0535C0FC5}"
EndProject
Global
	GlobalSection(SolutionConfigurationPlatforms) = preSolution
		Debug|Any CPU = Debug|Any CPU
		Release|Any CPU = Release|Any CPU
	EndGlobalSection
	GlobalSection(ProjectConfigurationPlatforms) = postSolution
		{9F9546B8-CA53-B637-EFE9-B19420B005E1}.Debug|Any CPU.ActiveCfg = Debug|Any CPU
		{9F9546B8-CA53-B637-EFE9-B19420B005E1}.Debug|Any CPU.Build.0 = Debug|Any CPU
		{9F9546B8-CA53-B637-EFE9-B19420B005E1}.Release|Any CPU.ActiveCfg = Release|Any CPU
		{9F9546B8-CA53-B637-EFE9-B19420B005E1}.Release|Any CPU.Build.0 = Release|Any CPU
		{468E9991-6D5D-D6E0-B5CA-958BA06DE3DF}.Debug|Any CPU.ActiveCfg = Debug|Any CPU
		{468E9991-6D5D-D6E0-B5CA-958BA06DE3DF}.Debug|Any CPU.Build.0 = Debug|Any CPU
		{468E9991-6D5D-D6E0-B5CA-958BA06DE3DF}.Release|Any CPU.ActiveCfg = Release|Any CPU
		{468E9991-6D5D-D6E0-B5CA-958BA06DE3DF}.Release|Any CPU.Build.0 = Release|Any CPU
		{74601EA5-97FC-FAB1-5445-16C0535C0FC5}.Debug|Any CPU.ActiveCfg = Debug|Any CPU
		{74601EA5-97FC-FAB1-5445-16C0535C0FC5}.Debug|Any CPU.Build.0 = Debug|Any CPU
		{74601EA5-97FC-FAB1-5445-16C0535C0FC5}.Release|Any CPU.ActiveCfg = Release|Any CPU
		{74601EA5-97FC-FAB1-5445-16C0535C0FC5}.Release|Any CPU.Build.0 = Release|Any CPU
	EndGlobalSection
	GlobalSection(SolutionProperties) = preSolution
		HideSolutionNode = FALSE
	EndGlobalSection
																							GlobalSection(MonoDevelopProperties) = preSolution
		StartupItem = Assembly-CSharp.csproj
		Policies = $0
		$0.TextStylePolicy = $1
		$1.inheritsSet = null
		$1.scope = text/x-csharp
		$0.CSharpFormattingPolicy = $2
		$2.inheritsSet = Mono
		$2.inheritsScope = text/x-csharp
		$2.scope = text/x-csharp
		$0.TextStylePolicy = $3
		$3.FileWidth = 120
		$3.TabWidth = 4
		$3.IndentWidth = 4
		$3.EolMarker = Unix
		$3.inheritsSet = Mono
		$3.inheritsScope = text/plain
		$3.scope = text/plain
	EndGlobalSection

EndGlobal
